
Microsoft Visual Studio Solution File, Format Version 12.00
# Visual Studio 15
VisualStudioVersion = 15.0.28010.2050
MinimumVisualStudioVersion = 10.0.40219.1
Project("{FAE04EC0-301F-11D3-BF4B-00C04F79EFBC}") = "InheritanceExample", "InheritanceExample\InheritanceExample.csproj", "{1576C620-E813-4336-8EA7-D77CD0258896}"
EndProject
Global
	GlobalSection(SolutionConfigurationPlatforms) = preSolution
		Debug|Any CPU = Debug|Any CPU
		Release|Any CPU = Release|Any CPU
	EndGlobalSection
	GlobalSection(ProjectConfigurationPlatforms) = postSolution
		{1576C620-E813-4336-8EA7-D77CD0258896}.Debug|Any CPU.ActiveCfg = Debug|Any CPU
		{1576C620-E813-4336-8EA7-D77CD0258896}.Debug|Any CPU.Build.0 = Debug|Any CPU
		{1576C620-E813-4336-8EA7-D77CD0258896}.Release|Any CPU.ActiveCfg = Release|Any CPU
		{1576C620-E813-4336-8EA7-D77CD0258896}.Release|Any CPU.Build.0 = Release|Any CPU
	EndGlobalSection
	GlobalSection(SolutionProperties) = preSolution
		HideSolutionNode = FALSE
	EndGlobalSection
	GlobalSection(ExtensibilityGlobals) = postSolution
		SolutionGuid = {119346A3-3D12-4126-82BB-23657CB305A9}
	EndGlobalSection
EndGlobal
